
Microsoft Visual Studio Solution File, Format Version 12.00
Project("{FAE04EC0-301F-11D3-BF4B-00C04F79EFBC}") = "task1", "task1\task1.csproj", "{C3A2166E-2EA4-486F-A032-FA7FD03CB01C}"
EndProject
Project("{FAE04EC0-301F-11D3-BF4B-00C04F79EFBC}") = "task2", "task2\task2.csproj", "{EB51E2E2-53ED-4F16-8A11-6E62B9B00587}"
EndProject
Project("{FAE04EC0-301F-11D3-BF4B-00C04F79EFBC}") = "task3", "task3\task3.csproj", "{5EB19F86-F011-4DE2-8593-872EC44383C9}"
EndProject
Project("{FAE04EC0-301F-11D3-BF4B-00C04F79EFBC}") = "task4", "task4\task4.csproj", "{8CCDC15C-302B-4FD1-A103-9466862B7171}"
EndProject
Project("{FAE04EC0-301F-11D3-BF4B-00C04F79EFBC}") = "task 5", "task 5\task 5.csproj", "{20BB687A-A1A3-457A-A716-EAC1C63CECC0}"
EndProject
Global
	GlobalSection(SolutionConfigurationPlatforms) = preSolution
		Debug|Any CPU = Debug|Any CPU
		Release|Any CPU = Release|Any CPU
	EndGlobalSection
	GlobalSection(ProjectConfigurationPlatforms) = postSolution
		{C3A2166E-2EA4-486F-A032-FA7FD03CB01C}.Debug|Any CPU.ActiveCfg = Debug|Any CPU
		{C3A2166E-2EA4-486F-A032-FA7FD03CB01C}.Debug|Any CPU.Build.0 = Debug|Any CPU
		{C3A2166E-2EA4-486F-A032-FA7FD03CB01C}.Release|Any CPU.ActiveCfg = Release|Any CPU
		{C3A2166E-2EA4-486F-A032-FA7FD03CB01C}.Release|Any CPU.Build.0 = Release|Any CPU
		{EB51E2E2-53ED-4F16-8A11-6E62B9B00587}.Debug|Any CPU.ActiveCfg = Debug|Any CPU
		{EB51E2E2-53ED-4F16-8A11-6E62B9B00587}.Debug|Any CPU.Build.0 = Debug|Any CPU
		{EB51E2E2-53ED-4F16-8A11-6E62B9B00587}.Release|Any CPU.ActiveCfg = Release|Any CPU
		{EB51E2E2-53ED-4F16-8A11-6E62B9B00587}.Release|Any CPU.Build.0 = Release|Any CPU
		{5EB19F86-F011-4DE2-8593-872EC44383C9}.Debug|Any CPU.ActiveCfg = Debug|Any CPU
		{5EB19F86-F011-4DE2-8593-872EC44383C9}.Debug|Any CPU.Build.0 = Debug|Any CPU
		{5EB19F86-F011-4DE2-8593-872EC44383C9}.Release|Any CPU.ActiveCfg = Release|Any CPU
		{5EB19F86-F011-4DE2-8593-872EC44383C9}.Release|Any CPU.Build.0 = Release|Any CPU
		{8CCDC15C-302B-4FD1-A103-9466862B7171}.Debug|Any CPU.ActiveCfg = Debug|Any CPU
		{8CCDC15C-302B-4FD1-A103-9466862B7171}.Debug|Any CPU.Build.0 = Debug|Any CPU
		{8CCDC15C-302B-4FD1-A103-9466862B7171}.Release|Any CPU.ActiveCfg = Release|Any CPU
		{8CCDC15C-302B-4FD1-A103-9466862B7171}.Release|Any CPU.Build.0 = Release|Any CPU
		{20BB687A-A1A3-457A-A716-EAC1C63CECC0}.Debug|Any CPU.ActiveCfg = Debug|Any CPU
		{20BB687A-A1A3-457A-A716-EAC1C63CECC0}.Debug|Any CPU.Build.0 = Debug|Any CPU
		{20BB687A-A1A3-457A-A716-EAC1C63CECC0}.Release|Any CPU.ActiveCfg = Release|Any CPU
		{20BB687A-A1A3-457A-A716-EAC1C63CECC0}.Release|Any CPU.Build.0 = Release|Any CPU
	EndGlobalSection
EndGlobal
